hash: bcc024b6a6fbf6d62b314682a547bf6c715c8002bd92928c7423a635bb510d15
updated: 2017-05-13T22:15:09.573416628+02:00
imports:
- name: github.com/agl/xmpp-client
  version: 3030ad42ee2df255ffc108dc6d04893d9501c863
  subpackages:
  - xmpp
- name: github.com/andybalholm/cascadia
  version: 349dd0209470eabd9514242c688c403c0926d266
- name: github.com/boltdb/bolt
  version: e9cf4fae01b5a8ff89d0ec6b32f0d9c9f79aefdd
- name: github.com/cheggaaa/pb
  version: f6ccf2184de4dd34495277e38dc19b6e7fbe0ea2
- name: github.com/chzyer/readline
  version: 41eea22f717c616615e1e59aa06cf831f9901f35
- name: github.com/davecgh/go-spew
  version: 346938d642f2ec3594ed81d874461961cd0faa76
  subpackages:
  - spew
- name: github.com/fatih/color
  version: 9131ab34cf20d2f6d83fdc67168a5430d1c7dc23
- name: github.com/fhs/gompd
  version: 52da2b62f40c65c554e00f44180c9971962c2a34
  subpackages:
  - mpd
- name: github.com/go-sql-driver/mysql
  version: 382e13d099fcf5f5994290892ab258fbebbdc5e3
- name: github.com/godbus/dbus
  version: 8a466719ecfaf26ae3d712084f3da9bfcae0fdd2
- name: github.com/golang/freetype
  version: bcfeb16b74e8aea9e2fe043406f2ef74b1cb0759
  subpackages:
  - raster
  - truetype
- name: github.com/gopherjs/gopherjs
  version: 9659c814f1d54d63f9c623449a7111d3864c1361
  subpackages:
  - js
- name: github.com/gorilla/websocket
  version: a91eba7f97777409bc2c443f5534d41dd20c5720
- name: github.com/jinzhu/gorm
  version: 9acaa33324bbcc78239a1c913d4f1292c12177b9
- name: github.com/jinzhu/inflection
  version: 1c35d901db3da928c72a72d8458480cc9ade058f
- name: github.com/lib/pq
  version: 2704adc878c21e1329f46f6e56a1c387d788ff94
  subpackages:
  - oid
- name: github.com/llgcode/draw2d
  version: dcbfbe505d35de8166ccfc47ff9e4bb020473e18
  subpackages:
  - draw2dbase
  - draw2dimg
  - draw2dkit
- name: github.com/mattn/go-colorable
  version: 5411d3eea5978e6cdc258b30de592b60df6aba96
  repo: https://github.com/mattn/go-colorable
- name: github.com/mattn/go-isatty
  version: 57fdcb988a5c543893cc61bce354a6e24ab70022
  repo: https://github.com/mattn/go-isatty
- name: github.com/mattn/go-runewidth
  version: 97311d9f7767e3d6f422ea06661bc2c7a19e8a5d
- name: github.com/mattn/go-sqlite3
  version: cf7286f069c3ef596efcc87781a4653a2e7607bd
- name: github.com/miketheprogrammer/go-thrust
  version: 6aa55589fcc4ec586d442e4f7ed315afe3dfcda9
  subpackages:
  - lib/bindings/menu
  - lib/bindings/session
  - lib/bindings/window
  - lib/commands
  - lib/common
  - lib/connection
  - lib/dispatcher
  - lib/events
  - lib/spawn
  - thrust
- name: github.com/PuerkitoBio/goquery
  version: ed7d758e9a34ba1f55e8084e0d731448b46921a8
- name: github.com/shiena/ansicolor
  version: a422bbe96644373c5753384a59d678f7d261ff10
- name: github.com/xconstruct/know
  version: bed1a63d45e61588cfe0b9f262de5bae586fb311
- name: github.com/xconstruct/vdir
  version: c30aee42d4e6d81172427c78259448ad0cce65fb
- name: github.com/yuin/gopher-lua
  version: b402f3114ec730d8bddb074a6c137309f561aa78
  subpackages:
  - ast
  - parse
  - pm
- name: golang.org/x/image
  version: f483456c9f61fd7c1e170033d58ef22ff5ffe291
  subpackages:
  - draw
  - font
  - math/f64
  - math/fixed
- name: golang.org/x/net
  version: 84f0e6f92b10139f986b1756e149a7d9de270cdc
  subpackages:
  - context
  - html
  - html/atom
  - html/charset
  - websocket
- name: golang.org/x/sys
  version: e24f485414aeafb646f6fca458b0bf869c0880a1
  subpackages:
  - unix
- name: golang.org/x/text
  version: 19e51611da83d6be54ddafce4a4af510cb3e9ea4
  subpackages:
  - encoding
  - encoding/charmap
  - encoding/htmlindex
  - encoding/internal
  - encoding/internal/identifier
  - encoding/japanese
  - encoding/korean
  - encoding/simplifiedchinese
  - encoding/traditionalchinese
  - encoding/unicode
  - internal/tag
  - internal/utf8internal
  - language
  - runes
  - transform
- name: gopkg.in/yaml.v2
  version: cd8b52f8269e0feb286dfeef29f8fe4d5b397e0b
testImports:
- name: github.com/jtolds/gls
  version: 77f18212c9c7edc9bd6a33d383a7b545ce62f064
- name: github.com/smartystreets/assertions
  version: f8459f92181409546d2762c9e9c4bedc23c92d76
  subpackages:
  - internal/go-render/render
  - internal/oglematchers
- name: github.com/smartystreets/goconvey
  version: af8e7d560364b90f732a1d119d17b5506e50447d
  subpackages:
  - convey
  - convey/gotest
  - convey/reporting
