hash: fc48925e51ea4397b42ecae8a3964892ae154ed1f163176cd855fba0148f38e0
updated: 2016-09-19T19:47:24.715356237+02:00
imports:
- name: github.com/agl/xmpp-client
  version: abbf9020393e8caae3e8996a16ce48446e31cf0e
  subpackages:
  - xmpp
- name: github.com/andybalholm/cascadia
  version: 1c31af6f6c1a7b101ed05aacc7d8a738b43ae86e
- name: github.com/boltdb/bolt
  version: fff57c100f4dea1905678da7e90d92429dff2904
- name: github.com/cheggaaa/pb
  version: ad4efe000aa550bb54918c06ebbadc0ff17687b9
- name: github.com/chzyer/readline
  version: 283f5429f7723ac628cb68a44a11097c11a7a9c1
- name: github.com/davecgh/go-spew
  version: 6d212800a42e8ab5c146b8ace3490ee17e5225f9
  subpackages:
  - spew
- name: github.com/fatih/color
  version: 87d4004f2ab62d0d255e0a38f1680aa534549fe3
- name: github.com/fhs/gompd
  version: c2d788706ed8200aec2119b475115be00c0a99f7
  subpackages:
  - mpd
- name: github.com/go-sql-driver/mysql
  version: 0b58b37b664c21f3010e836f1b931e1d0b0b0685
- name: github.com/godbus/dbus
  version: 9998ce8520caaa4a287fa5122ecb5d1ca1aeaede
- name: github.com/golang/freetype
  version: 38b4c392adc5eed94207994c4848fff99f4ac234
  subpackages:
  - raster
  - truetype
- name: github.com/gopherjs/gopherjs
  version: 40a48a390d688fbcf915bed55fc5f137613358f9
  subpackages:
  - js
- name: github.com/gorilla/websocket
  version: 2d1e4548da234d9cb742cc3628556fef86aafbac
- name: github.com/jinzhu/gorm
  version: 041cd3dd31a68a3e9ad20fcddb46085df5aebc76
- name: github.com/jinzhu/inflection
  version: 74387dc39a75e970e7a3ae6a3386b5bd2e5c5cff
- name: github.com/lib/pq
  version: 50761b0867bd1d9d069276790bcd4a3bccf2324a
  subpackages:
  - oid
- name: github.com/llgcode/draw2d
  version: 13548be874707c45a83f9c2c282d76d671c7acf8
  subpackages:
  - draw2dbase
  - draw2dimg
  - draw2dkit
- name: github.com/mattn/go-colorable
  version: ed8eb9e318d7a84ce5915b495b7d35e0cfe7b5a8
- name: github.com/mattn/go-isatty
  version: 66b8e73f3f5cda9f96b69efd03dd3d7fc4a5cdb8
- name: github.com/mattn/go-sqlite3
  version: 3fb7a0e792edd47bf0cf1e919dfc14e2be412e15
- name: github.com/miketheprogrammer/go-thrust
  version: 92e66a5b9de59b0c0e07ced3a964135ddcdeb883
  subpackages:
  - lib/bindings/menu
  - lib/bindings/session
  - lib/bindings/window
  - lib/commands
  - lib/common
  - lib/connection
  - lib/dispatcher
  - lib/events
  - lib/spawn
  - thrust
- name: github.com/PuerkitoBio/goquery
  version: 152b1a2c8f5d0340f658bb656032a39b94e52958
- name: github.com/shiena/ansicolor
  version: a422bbe96644373c5753384a59d678f7d261ff10
- name: github.com/xconstruct/know
  version: bed1a63d45e61588cfe0b9f262de5bae586fb311
- name: github.com/xconstruct/vdir
  version: c30aee42d4e6d81172427c78259448ad0cce65fb
- name: github.com/yuin/gopher-lua
  version: dd0fd531098d425ac1576765d9cca3274f8dd8d6
  subpackages:
  - ast
  - parse
  - pm
- name: golang.org/x/image
  version: bb355ba4424d077d404aafbb59b05776b2e88fa7
  subpackages:
  - draw
  - font
  - math/f64
  - math/fixed
- name: golang.org/x/net
  version: 71a035914f99bb58fe82eac0f1289f10963d876c
  subpackages:
  - html
  - html/atom
  - html/charset
  - websocket
- name: golang.org/x/sys
  version: 8f0908ab3b2457e2e15403d3697c9ef5cb4b57a9
  subpackages:
  - unix
- name: golang.org/x/text
  version: 04b8648d973c126ae60143b3e1473bc1576c7597
  subpackages:
  - encoding
  - encoding/charmap
  - encoding/htmlindex
  - encoding/internal
  - encoding/internal/identifier
  - encoding/japanese
  - encoding/korean
  - encoding/simplifiedchinese
  - encoding/traditionalchinese
  - encoding/unicode
  - internal/tag
  - internal/utf8internal
  - language
  - runes
  - transform
- name: gopkg.in/yaml.v2
  version: 31c299268d302dd0aa9a0dcf765a3d58971ac83f
testImports:
- name: github.com/jtolds/gls
  version: 8ddce2a84170772b95dd5d576c48d517b22cac63
- name: github.com/smartystreets/assertions
  version: 2063fd1cc7c975db70502811a34b06ad034ccdf2
  subpackages:
  - internal/go-render/render
  - internal/oglematchers
- name: github.com/smartystreets/goconvey
  version: 5db88ed452e937f2fd557de6f4f1af7f2eabed0b
  subpackages:
  - convey
  - convey/gotest
  - convey/reporting
